// !$*UTF8*$!
{
	archiveVersion = 1;
	classes = {
	};
	objectVersion = 55;
	objects = {

/* Begin PBXBuildFile section */
		A1A97E7E2843728800156F0D /* Tests_iOS.swift in Sources */ = {isa = PBXBuildFile; fileRef = A1A97E7D2843728800156F0D /* Tests_iOS.swift */; };
		A1A97E802843728800156F0D /* Tests_iOSLaunchTests.swift in Sources */ = {isa = PBXBuildFile; fileRef = A1A97E7F2843728800156F0D /* Tests_iOSLaunchTests.swift */; };
		A1A97E8A2843728800156F0D /* Tests_macOS.swift in Sources */ = {isa = PBXBuildFile; fileRef = A1A97E892843728800156F0D /* Tests_macOS.swift */; };
		A1A97E8C2843728800156F0D /* Tests_macOSLaunchTests.swift in Sources */ = {isa = PBXBuildFile; fileRef = A1A97E8B2843728800156F0D /* Tests_macOSLaunchTests.swift */; };
		A1A97E8D2843728800156F0D /* SwiftUIMVVMAppApp.swift in Sources */ = {isa = PBXBuildFile; fileRef = A1A97E652843728700156F0D /* SwiftUIMVVMAppApp.swift */; };
		A1A97E8E2843728800156F0D /* SwiftUIMVVMAppApp.swift in Sources */ = {isa = PBXBuildFile; fileRef = A1A97E652843728700156F0D /* SwiftUIMVVMAppApp.swift */; };
		A1A97E8F2843728800156F0D /* ContentView.swift in Sources */ = {isa = PBXBuildFile; fileRef = A1A97E662843728700156F0D /* ContentView.swift */; };
		A1A97E902843728800156F0D /* ContentView.swift in Sources */ = {isa = PBXBuildFile; fileRef = A1A97E662843728700156F0D /* ContentView.swift */; };
		A1A97E912843728800156F0D /* Assets.xcassets in Resources */ = {isa = PBXBuildFile; fileRef = A1A97E672843728800156F0D /* Assets.xcassets */; };
		A1A97E922843728800156F0D /* Assets.xcassets in Resources */ = {isa = PBXBuildFile; fileRef = A1A97E672843728800156F0D /* Assets.xcassets */; };
/* End PBXBuildFile section */

/* Begin PBXContainerItemProxy section */
		A1A97E7A2843728800156F0D /* PBXContainerItemProxy */ = {
			isa = PBXContainerItemProxy;
			containerPortal = A1A97E602843728700156F0D /* Project object */;
			proxyType = 1;
			remoteGlobalIDString = A1A97E6B2843728800156F0D;
			remoteInfo = "SwiftUIMVVMApp (iOS)";
		};
		A1A97E862843728800156F0D /* PBXContainerItemProxy */ = {
			isa = PBXContainerItemProxy;
			containerPortal = A1A97E602843728700156F0D /* Project object */;
			proxyType = 1;
			remoteGlobalIDString = A1A97E712843728800156F0D;
			remoteInfo = "SwiftUIMVVMApp (macOS)";
		};
/* End PBXContainerItemProxy section */

/* Begin PBXFileReference section */
		A1A97E652843728700156F0D /* SwiftUIMVVMAppApp.swift */ = {isa = PBXFileReference; lastKnownFileType = sourcecode.swift; path = SwiftUIMVVMAppApp.swift; sourceTree = "<group>"; };
		A1A97E662843728700156F0D /* ContentView.swift */ = {isa = PBXFileReference; lastKnownFileType = sourcecode.swift; path = ContentView.swift; sourceTree = "<group>"; };
		A1A97E672843728800156F0D /* Assets.xcassets */ = {isa = PBXFileReference; lastKnownFileType = folder.assetcatalog; path = Assets.xcassets; sourceTree = "<group>"; };
		A1A97E6C2843728800156F0D /* SwiftUIMVVMApp.app */ = {isa = PBXFileReference; explicitFileType = wrapper.application; includeInIndex = 0; path = SwiftUIMVVMApp.app; sourceTree = BUILT_PRODUCTS_DIR; };
		A1A97E722843728800156F0D /* SwiftUIMVVMApp.app */ = {isa = PBXFileReference; explicitFileType = wrapper.application; includeInIndex = 0; path = SwiftUIMVVMApp.app; sourceTree = BUILT_PRODUCTS_DIR; };
		A1A97E742843728800156F0D /* macOS.entitlements */ = {isa = PBXFileReference; lastKnownFileType = text.plist.entitlements; path = macOS.entitlements; sourceTree = "<group>"; };
		A1A97E792843728800156F0D /* Tests iOS.xctest */ = {isa = PBXFileReference; explicitFileType = wrapper.cfbundle; includeInIndex = 0; path = "Tests iOS.xctest"; sourceTree = BUILT_PRODUCTS_DIR; };
		A1A97E7D2843728800156F0D /* Tests_iOS.swift */ = {isa = PBXFileReference; lastKnownFileType = sourcecode.swift; path = Tests_iOS.swift; sourceTree = "<group>"; };
		A1A97E7F2843728800156F0D /* Tests_iOSLaunchTests.swift */ = {isa = PBXFileReference; lastKnownFileType = sourcecode.swift; path = Tests_iOSLaunchTests.swift; sourceTree = "<group>"; };
		A1A97E852843728800156F0D /* Tests macOS.xctest */ = {isa = PBXFileReference; explicitFileType = wrapper.cfbundle; includeInIndex = 0; path = "Tests macOS.xctest"; sourceTree = BUILT_PRODUCTS_DIR; };
		A1A97E892843728800156F0D /* Tests_macOS.swift */ = {isa = PBXFileReference; lastKnownFileType = sourcecode.swift; path = Tests_macOS.swift; sourceTree = "<group>"; };
		A1A97E8B2843728800156F0D /* Tests_macOSLaunchTests.swift */ = {isa = PBXFileReference; lastKnownFileType = sourcecode.swift; path = Tests_macOSLaunchTests.swift; sourceTree = "<group>"; };
/* End PBXFileReference section */

/* Begin PBXFrameworksBuildPhase section */
		A1A97E692843728800156F0D /* Frameworks */ = {
			isa = PBXFrameworksBuildPhase;
			buildActionMask = 2147483647;
			files = (
			);
			runOnlyForDeploymentPostprocessing = 0;
		};
		A1A97E6F2843728800156F0D /* Frameworks */ = {
			isa = PBXFrameworksBuildPhase;
			buildActionMask = 2147483647;
			files = (
			);
			runOnlyForDeploymentPostprocessing = 0;
		};
		A1A97E762843728800156F0D /* Frameworks */ = {
			isa = PBXFrameworksBuildPhase;
			buildActionMask = 2147483647;
			files = (
			);
			runOnlyForDeploymentPostprocessing = 0;
		};
		A1A97E822843728800156F0D /* Frameworks */ = {
			isa = PBXFrameworksBuildPhase;
			buildActionMask = 2147483647;
			files = (
			);
			runOnlyForDeploymentPostprocessing = 0;
		};
/* End PBXFrameworksBuildPhase section */

/* Begin PBXGroup section */
		A1A97E5F2843728700156F0D = {
			isa = PBXGroup;
			children = (
				A1A97E642843728700156F0D /* Shared */,
				A1A97E732843728800156F0D /* macOS */,
				A1A97E7C2843728800156F0D /* Tests iOS */,
				A1A97E882843728800156F0D /* Tests macOS */,
				A1A97E6D2843728800156F0D /* Products */,
			);
			sourceTree = "<group>";
		};
		A1A97E642843728700156F0D /* Shared */ = {
			isa = PBXGroup;
			children = (
				A1A97E652843728700156F0D /* SwiftUIMVVMAppApp.swift */,
				A1A97E662843728700156F0D /* ContentView.swift */,
				A1A97E672843728800156F0D /* Assets.xcassets */,
			);
			path = Shared;
			sourceTree = "<group>";
		};
		A1A97E6D2843728800156F0D /* Products */ = {
			isa = PBXGroup;
			children = (
				A1A97E6C2843728800156F0D /* SwiftUIMVVMApp.app */,
				A1A97E722843728800156F0D /* SwiftUIMVVMApp.app */,
				A1A97E792843728800156F0D /* Tests iOS.xctest */,
				A1A97E852843728800156F0D /* Tests macOS.xctest */,
			);
			name = Products;
			sourceTree = "<group>";
		};
		A1A97E732843728800156F0D /* macOS */ = {
			isa = PBXGroup;
			children = (
				A1A97E742843728800156F0D /* macOS.entitlements */,
			);
			path = macOS;
			sourceTree = "<group>";
		};
		A1A97E7C2843728800156F0D /* Tests iOS */ = {
			isa = PBXGroup;
			children = (
				A1A97E7D2843728800156F0D /* Tests_iOS.swift */,
				A1A97E7F2843728800156F0D /* Tests_iOSLaunchTests.swift */,
			);
			path = "Tests iOS";
			sourceTree = "<group>";
		};
		A1A97E882843728800156F0D /* Tests macOS */ = {
			isa = PBXGroup;
			children = (
				A1A97E892843728800156F0D /* Tests_macOS.swift */,
				A1A97E8B2843728800156F0D /* Tests_macOSLaunchTests.swift */,
			);
			path = "Tests macOS";
			sourceTree = "<group>";
		};
/* End PBXGroup section */

/* Begin PBXNativeTarget section */
		A1A97E6B2843728800156F0D /* SwiftUIMVVMApp (iOS) */ = {
			isa = PBXNativeTarget;
			buildConfigurationList = A1A97E952843728800156F0D /* Build configuration list for PBXNativeTarget "SwiftUIMVVMApp (iOS)" */;
			buildPhases = (
				A1A97E682843728800156F0D /* Sources */,
				A1A97E692843728800156F0D /* Frameworks */,
				A1A97E6A2843728800156F0D /* Resources */,
			);
			buildRules = (
			);
			dependencies = (
			);
			name = "SwiftUIMVVMApp (iOS)";
			productName = "SwiftUIMVVMApp (iOS)";
			productReference = A1A97E6C2843728800156F0D /* SwiftUIMVVMApp.app */;
			productType = "com.apple.product-type.application";
		};
		A1A97E712843728800156F0D /* SwiftUIMVVMApp (macOS) */ = {
			isa = PBXNativeTarget;
			buildConfigurationList = A1A97E982843728800156F0D /* Build configuration list for PBXNativeTarget "SwiftUIMVVMApp (macOS)" */;
			buildPhases = (
				A1A97E6E2843728800156F0D /* Sources */,
				A1A97E6F2843728800156F0D /* Frameworks */,
				A1A97E702843728800156F0D /* Resources */,
			);
			buildRules = (
			);
			dependencies = (
			);
			name = "SwiftUIMVVMApp (macOS)";
			productName = "SwiftUIMVVMApp (macOS)";
			productReference = A1A97E722843728800156F0D /* SwiftUIMVVMApp.app */;
			productType = "com.apple.product-type.application";
		};
		A1A97E782843728800156F0D /* Tests iOS */ = {
			isa = PBXNativeTarget;
			buildConfigurationList = A1A97E9B2843728800156F0D /* Build configuration list for PBXNativeTarget "Tests iOS" */;
			buildPhases = (
				A1A97E752843728800156F0D /* Sources */,
				A1A97E762843728800156F0D /* Frameworks */,
				A1A97E772843728800156F0D /* Resources */,
			);
			buildRules = (
			);
			dependencies = (
				A1A97E7B2843728800156F0D /* PBXTargetDependency */,
			);
			name = "Tests iOS";
			productName = "Tests iOS";
			productReference = A1A97E792843728800156F0D /* Tests iOS.xctest */;
			productType = "com.apple.product-type.bundle.ui-testing";
		};
		A1A97E842843728800156F0D /* Tests macOS */ = {
			isa = PBXNativeTarget;
			buildConfigurationList = A1A97E9E2843728800156F0D /* Build configuration list for PBXNativeTarget "Tests macOS" */;
			buildPhases = (
				A1A97E812843728800156F0D /* Sources */,
				A1A97E822843728800156F0D /* Frameworks */,
				A1A97E832843728800156F0D /* Resources */,
			);
			buildRules = (
			);
			dependencies = (
				A1A97E872843728800156F0D /* PBXTargetDependency */,
			);
			name = "Tests macOS";
			productName = "Tests macOS";
			productReference = A1A97E852843728800156F0D /* Tests macOS.xctest */;
			productType = "com.apple.product-type.bundle.ui-testing";
		};
/* End PBXNativeTarget section */

/* Begin PBXProject section */
		A1A97E602843728700156F0D /* Project object */ = {
			isa = PBXProject;
			attributes = {
				BuildIndependentTargetsInParallel = 1;
				LastSwiftUpdateCheck = 1320;
				LastUpgradeCheck = 1320;
				TargetAttributes = {
					A1A97E6B2843728800156F0D = {
						CreatedOnToolsVersion = 13.2.1;
					};
					A1A97E712843728800156F0D = {
						CreatedOnToolsVersion = 13.2.1;
					};
					A1A97E782843728800156F0D = {
						CreatedOnToolsVersion = 13.2.1;
						TestTargetID = A1A97E6B2843728800156F0D;
					};
					A1A97E842843728800156F0D = {
						CreatedOnToolsVersion = 13.2.1;
						TestTargetID = A1A97E712843728800156F0D;
					};
				};
			};
			buildConfigurationList = A1A97E632843728700156F0D /* Build configuration list for PBXProject "SwiftUIMVVMApp" */;
			compatibilityVersion = "Xcode 13.0";
			developmentRegion = en;
			hasScannedForEncodings = 0;
			knownRegions = (
				en,
				Base,
			);
			mainGroup = A1A97E5F2843728700156F0D;
			productRefGroup = A1A97E6D2843728800156F0D /* Products */;
			projectDirPath = "";
			projectRoot = "";
			targets = (
				A1A97E6B2843728800156F0D /* SwiftUIMVVMApp (iOS) */,
				A1A97E712843728800156F0D /* SwiftUIMVVMApp (macOS) */,
				A1A97E782843728800156F0D /* Tests iOS */,
				A1A97E842843728800156F0D /* Tests macOS */,
			);
		};
/* End PBXProject section */

/* Begin PBXResourcesBuildPhase section */
		A1A97E6A2843728800156F0D /* Resources */ = {
			isa = PBXResourcesBuildPhase;
			buildActionMask = 2147483647;
			files = (
				A1A97E912843728800156F0D /* Assets.xcassets in Resources */,
			);
			runOnlyForDeploymentPostprocessing = 0;
		};
		A1A97E702843728800156F0D /* Resources */ = {
			isa = PBXResourcesBuildPhase;
			buildActionMask = 2147483647;
			files = (
				A1A97E922843728800156F0D /* Assets.xcassets in Resources */,
			);
			runOnlyForDeploymentPostprocessing = 0;
		};
		A1A97E772843728800156F0D /* Resources */ = {
			isa = PBXResourcesBuildPhase;
			buildActionMask = 2147483647;
			files = (
			);
			runOnlyForDeploymentPostprocessing = 0;
		};
		A1A97E832843728800156F0D /* Resources */ = {
			isa = PBXResourcesBuildPhase;
			buildActionMask = 2147483647;
			files = (
			);
			runOnlyForDeploymentPostprocessing = 0;
		};
/* End PBXResourcesBuildPhase section */

/* Begin PBXSourcesBuildPhase section */
		A1A97E682843728800156F0D /* Sources */ = {
			isa = PBXSourcesBuildPhase;
			buildActionMask = 2147483647;
			files = (
				A1A97E8F2843728800156F0D /* ContentView.swift in Sources */,
				A1A97E8D2843728800156F0D /* SwiftUIMVVMAppApp.swift in Sources */,
			);
			runOnlyForDeploymentPostprocessing = 0;
		};
		A1A97E6E2843728800156F0D /* Sources */ = {
			isa = PBXSourcesBuildPhase;
			buildActionMask = 2147483647;
			files = (
				A1A97E902843728800156F0D /* ContentView.swift in Sources */,
				A1A97E8E2843728800156F0D /* SwiftUIMVVMAppApp.swift in Sources */,
			);
			runOnlyForDeploymentPostprocessing = 0;
		};
		A1A97E752843728800156F0D /* Sources */ = {
			isa = PBXSourcesBuildPhase;
			buildActionMask = 2147483647;
			files = (
				A1A97E802843728800156F0D /* Tests_iOSLaunchTests.swift in Sources */,
				A1A97E7E2843728800156F0D /* Tests_iOS.swift in Sources */,
			);
			runOnlyForDeploymentPostprocessing = 0;
		};
		A1A97E812843728800156F0D /* Sources */ = {
			isa = PBXSourcesBuildPhase;
			buildActionMask = 2147483647;
			files = (
				A1A97E8C2843728800156F0D /* Tests_macOSLaunchTests.swift in Sources */,
				A1A97E8A2843728800156F0D /* Tests_macOS.swift in Sources */,
			);
			runOnlyForDeploymentPostprocessing = 0;
		};
/* End PBXSourcesBuildPhase section */

/* Begin PBXTargetDependency section */
		A1A97E7B2843728800156F0D /* PBXTargetDependency */ = {
			isa = PBXTargetDependency;
			target = A1A97E6B2843728800156F0D /* SwiftUIMVVMApp (iOS) */;
			targetProxy = A1A97E7A2843728800156F0D /* PBXContainerItemProxy */;
		};
		A1A97E872843728800156F0D /* PBXTargetDependency */ = {
			isa = PBXTargetDependency;
			target = A1A97E712843728800156F0D /* SwiftUIMVVMApp (macOS) */;
			targetProxy = A1A97E862843728800156F0D /* PBXContainerItemProxy */;
		};
/* End PBXTargetDependency section */

/* Begin XCBuildConfiguration section */
		A1A97E932843728800156F0D /* Debug */ = {
			isa = XCBuildConfiguration;
			buildSettings = {
				ALWAYS_SEARCH_USER_PATHS = NO;
				CLANG_ANALYZER_NONNULL = YES;
				CLANG_ANALYZER_NUMBER_OBJECT_CONVERSION = YES_AGGRESSIVE;
				CLANG_CXX_LANGUAGE_STANDARD = "gnu++17";
				CLANG_CXX_LIBRARY = "libc++";
				CLANG_ENABLE_MODULES = YES;
				CLANG_ENABLE_OBJC_ARC = YES;
				CLANG_ENABLE_OBJC_WEAK = YES;
				CLANG_WARN_BLOCK_CAPTURE_AUTORELEASING = YES;
				CLANG_WARN_BOOL_CONVERSION = YES;
				CLANG_WARN_COMMA = YES;
				CLANG_WARN_CONSTANT_CONVERSION = YES;
				CLANG_WARN_DEPRECATED_OBJC_IMPLEMENTATIONS = YES;
				CLANG_WARN_DIRECT_OBJC_ISA_USAGE = YES_ERROR;
				CLANG_WARN_DOCUMENTATION_COMMENTS = YES;
				CLANG_WARN_EMPTY_BODY = YES;
				CLANG_WARN_ENUM_CONVERSION = YES;
				CLANG_WARN_INFINITE_RECURSION = YES;
				CLANG_WARN_INT_CONVERSION = YES;
				CLANG_WARN_NON_LITERAL_NULL_CONVERSION = YES;
				CLANG_WARN_OBJC_IMPLICIT_RETAIN_SELF = YES;
				CLANG_WARN_OBJC_LITERAL_CONVERSION = YES;
				CLANG_WARN_OBJC_ROOT_CLASS = YES_ERROR;
				CLANG_WARN_QUOTED_INCLUDE_IN_FRAMEWORK_HEADER = YES;
				CLANG_WARN_RANGE_LOOP_ANALYSIS = YES;
				CLANG_WARN_STRICT_PROTOTYPES = YES;
				CLANG_WARN_SUSPICIOUS_MOVE = YES;
				CLANG_WARN_UNGUARDED_AVAILABILITY = YES_AGGRESSIVE;
				CLANG_WARN_UNREACHABLE_CODE = YES;
				CLANG_WARN__DUPLICATE_METHOD_MATCH = YES;
				COPY_PHASE_STRIP = NO;
				DEBUG_INFORMATION_FORMAT = dwarf;
				ENABLE_STRICT_OBJC_MSGSEND = YES;
				ENABLE_TESTABILITY = YES;
				GCC_C_LANGUAGE_STANDARD = gnu11;
				GCC_DYNAMIC_NO_PIC = NO;
				GCC_NO_COMMON_BLOCKS = YES;
				GCC_OPTIMIZATION_LEVEL = 0;
				GCC_PREPROCESSOR_DEFINITIONS = (
					"DEBUG=1",
					"$(inherited)",
				);
				GCC_WARN_64_TO_32_BIT_CONVERSION = YES;
				GCC_WARN_ABOUT_RETURN_TYPE = YES_ERROR;
				GCC_WARN_UNDECLARED_SELECTOR = YES;
				GCC_WARN_UNINITIALIZED_AUTOS = YES_AGGRESSIVE;
				GCC_WARN_UNUSED_FUNCTION = YES;
				GCC_WARN_UNUSED_VARIABLE = YES;
				MTL_ENABLE_DEBUG_INFO = INCLUDE_SOURCE;
				MTL_FAST_MATH = YES;
				ONLY_ACTIVE_ARCH = YES;
				SWIFT_ACTIVE_COMPILATION_CONDITIONS = DEBUG;
				SWIFT_OPTIMIZATION_LEVEL = "-Onone";
			};
			name = Debug;
		};
		A1A97E942843728800156F0D /* Release */ = {
			isa = XCBuildConfiguration;
			buildSettings = {
				ALWAYS_SEARCH_USER_PATHS = NO;
				CLANG_ANALYZER_NONNULL = YES;
				CLANG_ANALYZER_NUMBER_OBJECT_CONVERSION = YES_AGGRESSIVE;
				CLANG_CXX_LANGUAGE_STANDARD = "gnu++17";
				CLANG_CXX_LIBRARY = "libc++";
				CLANG_ENABLE_MODULES = YES;
				CLANG_ENABLE_OBJC_ARC = YES;
				CLANG_ENABLE_OBJC_WEAK = YES;
				CLANG_WARN_BLOCK_CAPTURE_AUTORELEASING = YES;
				CLANG_WARN_BOOL_CONVERSION = YES;
				CLANG_WARN_COMMA = YES;
				CLANG_WARN_CONSTANT_CONVERSION = YES;
				CLANG_WARN_DEPRECATED_OBJC_IMPLEMENTATIONS = YES;
				CLANG_WARN_DIRECT_OBJC_ISA_USAGE = YES_ERROR;
				CLANG_WARN_DOCUMENTATION_COMMENTS = YES;
				CLANG_WARN_EMPTY_BODY = YES;
				CLANG_WARN_ENUM_CONVERSION = YES;
				CLANG_WARN_INFINITE_RECURSION = YES;
				CLANG_WARN_INT_CONVERSION = YES;
				CLANG_WARN_NON_LITERAL_NULL_CONVERSION = YES;
				CLANG_WARN_OBJC_IMPLICIT_RETAIN_SELF = YES;
				CLANG_WARN_OBJC_LITERAL_CONVERSION = YES;
				CLANG_WARN_OBJC_ROOT_CLASS = YES_ERROR;
				CLANG_WARN_QUOTED_INCLUDE_IN_FRAMEWORK_HEADER = YES;
				CLANG_WARN_RANGE_LOOP_ANALYSIS = YES;
				CLANG_WARN_STRICT_PROTOTYPES = YES;
				CLANG_WARN_SUSPICIOUS_MOVE = YES;
				CLANG_WARN_UNGUARDED_AVAILABILITY = YES_AGGRESSIVE;
				CLANG_WARN_UNREACHABLE_CODE = YES;
				CLANG_WARN__DUPLICATE_METHOD_MATCH = YES;
				COPY_PHASE_STRIP = NO;
				DEBUG_INFORMATION_FORMAT = "dwarf-with-dsym";
				ENABLE_NS_ASSERTIONS = NO;
				ENABLE_STRICT_OBJC_MSGSEND = YES;
				GCC_C_LANGUAGE_STANDARD = gnu11;
				GCC_NO_COMMON_BLOCKS = YES;
				GCC_WARN_64_TO_32_BIT_CONVERSION = YES;
				GCC_WARN_ABOUT_RETURN_TYPE = YES_ERROR;
				GCC_WARN_UNDECLARED_SELECTOR = YES;
				GCC_WARN_UNINITIALIZED_AUTOS = YES_AGGRESSIVE;
				GCC_WARN_UNUSED_FUNCTION = YES;
				GCC_WARN_UNUSED_VARIABLE = YES;
				MTL_ENABLE_DEBUG_INFO = NO;
				MTL_FAST_MATH = YES;
				SWIFT_COMPILATION_MODE = wholemodule;
				SWIFT_OPTIMIZATION_LEVEL = "-O";
			};
			name = Release;
		};
		A1A97E962843728800156F0D /* Debug */ = {
			isa = XCBuildConfiguration;
			buildSettings = {
				ASSETCATALOG_COMPILER_APPICON_NAME = AppIcon;
				ASSETCATALOG_COMPILER_GLOBAL_ACCENT_COLOR_NAME = AccentColor;
				CODE_SIGN_STYLE = Automatic;
				CURRENT_PROJECT_VERSION = 1;
				DEVELOPMENT_TEAM = RG9NG53ZGY;
				ENABLE_PREVIEWS = YES;
				GENERATE_INFOPLIST_FILE = YES;
				INFOPLIST_KEY_UIApplicationSceneManifest_Generation = YES;
				INFOPLIST_KEY_UIApplicationSupportsIndirectInputEvents = YES;
				INFOPLIST_KEY_UILaunchScreen_Generation = YES;
				INFOPLIST_KEY_UISupportedInterfaceOrientations_iPad = "UIInterfaceOrientationPortrait UIInterfaceOrientationPortraitUpsideDown UIInterfaceOrientationLandscapeLeft UIInterfaceOrientationLandscapeRight";
				INFOPLIST_KEY_UISupportedInterfaceOrientations_iPhone = "UIInterfaceOrientationPortrait UIInterfaceOrientationLandscapeLeft UIInterfaceOrientationLandscapeRight";
				IPHONEOS_DEPLOYMENT_TARGET = 15.2;
				LD_RUNPATH_SEARCH_PATHS = (
					"$(inherited)",
					"@executable_path/Frameworks",
				);
				MARKETING_VERSION = 1.0;
				PRODUCT_BUNDLE_IDENTIFIER = com.michael904.SwiftUIMVVMApp;
				PRODUCT_NAME = SwiftUIMVVMApp;
				SDKROOT = iphoneos;
				SWIFT_EMIT_LOC_STRINGS = YES;
				SWIFT_VERSION = 5.0;
				TARGETED_DEVICE_FAMILY = "1,2";
			};
			name = Debug;
		};
		A1A97E972843728800156F0D /* Release */ = {
			isa = XCBuildConfiguration;
			buildSettings = {
				ASSETCATALOG_COMPILER_APPICON_NAME = AppIcon;
				ASSETCATALOG_COMPILER_GLOBAL_ACCENT_COLOR_NAME = AccentColor;
				CODE_SIGN_STYLE = Automatic;
				CURRENT_PROJECT_VERSION = 1;
				DEVELOPMENT_TEAM = RG9NG53ZGY;
				ENABLE_PREVIEWS = YES;
				GENERATE_INFOPLIST_FILE = YES;
				INFOPLIST_KEY_UIApplicationSceneManifest_Generation = YES;
				INFOPLIST_KEY_UIApplicationSupportsIndirectInputEvents = YES;
				INFOPLIST_KEY_UILaunchScreen_Generation = YES;
				INFOPLIST_KEY_UISupportedInterfaceOrientations_iPad = "UIInterfaceOrientationPortrait UIInterfaceOrientationPortraitUpsideDown UIInterfaceOrientationLandscapeLeft UIInterfaceOrientationLandscapeRight";
				INFOPLIST_KEY_UISupportedInterfaceOrientations_iPhone = "UIInterfaceOrientationPortrait UIInterfaceOrientationLandscapeLeft UIInterfaceOrientationLandscapeRight";
				IPHONEOS_DEPLOYMENT_TARGET = 15.2;
				LD_RUNPATH_SEARCH_PATHS = (
					"$(inherited)",
					"@executable_path/Frameworks",
				);
				MARKETING_VERSION = 1.0;
				PRODUCT_BUNDLE_IDENTIFIER = com.michael904.SwiftUIMVVMApp;
				PRODUCT_NAME = SwiftUIMVVMApp;
				SDKROOT = iphoneos;
				SWIFT_EMIT_LOC_STRINGS = YES;
				SWIFT_VERSION = 5.0;
				TARGETED_DEVICE_FAMILY = "1,2";
				VALIDATE_PRODUCT = YES;
			};
			name = Release;
		};
		A1A97E992843728800156F0D /* Debug */ = {
			isa = XCBuildConfiguration;
			buildSettings = {
				ASSETCATALOG_COMPILER_APPICON_NAME = AppIcon;
				ASSETCATALOG_COMPILER_GLOBAL_ACCENT_COLOR_NAME = AccentColor;
				CODE_SIGN_ENTITLEMENTS = macOS/macOS.entitlements;
				CODE_SIGN_STYLE = Automatic;
				COMBINE_HIDPI_IMAGES = YES;
				CURRENT_PROJECT_VERSION = 1;
				DEVELOPMENT_TEAM = RG9NG53ZGY;
				ENABLE_HARDENED_RUNTIME = YES;
				ENABLE_PREVIEWS = YES;
				GENERATE_INFOPLIST_FILE = YES;
				INFOPLIST_KEY_NSHumanReadableCopyright = "";
				LD_RUNPATH_SEARCH_PATHS = (
					"$(inherited)",
					"@executable_path/../Frameworks",
				);
				MACOSX_DEPLOYMENT_TARGET = 12.1;
				MARKETING_VERSION = 1.0;
				PRODUCT_BUNDLE_IDENTIFIER = com.michael904.SwiftUIMVVMApp;
				PRODUCT_NAME = SwiftUIMVVMApp;
				SDKROOT = macosx;
				SWIFT_EMIT_LOC_STRINGS = YES;
				SWIFT_VERSION = 5.0;
			};
			name = Debug;
		};
		A1A97E9A2843728800156F0D /* Release */ = {
			isa = XCBuildConfiguration;
			buildSettings = {
				ASSETCATALOG_COMPILER_APPICON_NAME = AppIcon;
				ASSETCATALOG_COMPILER_GLOBAL_ACCENT_COLOR_NAME = AccentColor;
				CODE_SIGN_ENTITLEMENTS = macOS/macOS.entitlements;
				CODE_SIGN_STYLE = Automatic;
				COMBINE_HIDPI_IMAGES = YES;
				CURRENT_PROJECT_VERSION = 1;
				DEVELOPMENT_TEAM = RG9NG53ZGY;
				ENABLE_HARDENED_RUNTIME = YES;
				ENABLE_PREVIEWS = YES;
				GENERATE_INFOPLIST_FILE = YES;
				INFOPLIST_KEY_NSHumanReadableCopyright = "";
				LD_RUNPATH_SEARCH_PATHS = (
					"$(inherited)",
					"@executable_path/../Frameworks",
				);
				MACOSX_DEPLOYMENT_TARGET = 12.1;
				MARKETING_VERSION = 1.0;
				PRODUCT_BUNDLE_IDENTIFIER = com.michael904.SwiftUIMVVMApp;
				PRODUCT_NAME = SwiftUIMVVMApp;
				SDKROOT = macosx;
				SWIFT_EMIT_LOC_STRINGS = YES;
				SWIFT_VERSION = 5.0;
			};
			name = Release;
		};
		A1A97E9C2843728800156F0D /* Debug */ = {
			isa = XCBuildConfiguration;
			buildSettings = {
				ALWAYS_EMBED_SWIFT_STANDARD_LIBRARIES = YES;
				CODE_SIGN_STYLE = Automatic;
				CURRENT_PROJECT_VERSION = 1;
				DEVELOPMENT_TEAM = RG9NG53ZGY;
				GENERATE_INFOPLIST_FILE = YES;
				IPHONEOS_DEPLOYMENT_TARGET = 15.2;
				MARKETING_VERSION = 1.0;
				PRODUCT_BUNDLE_IDENTIFIER = "com.michael904.Tests-iOS";
				PRODUCT_NAME = "$(TARGET_NAME)";
				SDKROOT = iphoneos;
				SWIFT_EMIT_LOC_STRINGS = NO;
				SWIFT_VERSION = 5.0;
				TARGETED_DEVICE_FAMILY = "1,2";
				TEST_TARGET_NAME = "SwiftUIMVVMApp (iOS)";
			};
			name = Debug;
		};
		A1A97E9D2843728800156F0D /* Release */ = {
			isa = XCBuildConfiguration;
			buildSettings = {
				ALWAYS_EMBED_SWIFT_STANDARD_LIBRARIES = YES;
				CODE_SIGN_STYLE = Automatic;
				CURRENT_PROJECT_VERSION = 1;
				DEVELOPMENT_TEAM = RG9NG53ZGY;
				GENERATE_INFOPLIST_FILE = YES;
				IPHONEOS_DEPLOYMENT_TARGET = 15.2;
				MARKETING_VERSION = 1.0;
				PRODUCT_BUNDLE_IDENTIFIER = "com.michael904.Tests-iOS";
				PRODUCT_NAME = "$(TARGET_NAME)";
				SDKROOT = iphoneos;
				SWIFT_EMIT_LOC_STRINGS = NO;
				SWIFT_VERSION = 5.0;
				TARGETED_DEVICE_FAMILY = "1,2";
				TEST_TARGET_NAME = "SwiftUIMVVMApp (iOS)";
				VALIDATE_PRODUCT = YES;
			};
			name = Release;
		};
		A1A97E9F2843728800156F0D /* Debug */ = {
			isa = XCBuildConfiguration;
			buildSettings = {
				ALWAYS_EMBED_SWIFT_STANDARD_LIBRARIES = YES;
				CODE_SIGN_STYLE = Automatic;
				CURRENT_PROJECT_VERSION = 1;
				DEVELOPMENT_TEAM = RG9NG53ZGY;
				GENERATE_INFOPLIST_FILE = YES;
				MACOSX_DEPLOYMENT_TARGET = 12.1;
				MARKETING_VERSION = 1.0;
				PRODUCT_BUNDLE_IDENTIFIER = "com.michael904.Tests-macOS";
				PRODUCT_NAME = "$(TARGET_NAME)";
				SDKROOT = macosx;
				SWIFT_EMIT_LOC_STRINGS = NO;
				SWIFT_VERSION = 5.0;
				TEST_TARGET_NAME = "SwiftUIMVVMApp (macOS)";
			};
			name = Debug;
		};
		A1A97EA02843728800156F0D /* Release */ = {
			isa = XCBuildConfiguration;
			buildSettings = {
				ALWAYS_EMBED_SWIFT_STANDARD_LIBRARIES = YES;
				CODE_SIGN_STYLE = Automatic;
				CURRENT_PROJECT_VERSION = 1;
				DEVELOPMENT_TEAM = RG9NG53ZGY;
				GENERATE_INFOPLIST_FILE = YES;
				MACOSX_DEPLOYMENT_TARGET = 12.1;
				MARKETING_VERSION = 1.0;
				PRODUCT_BUNDLE_IDENTIFIER = "com.michael904.Tests-macOS";
				PRODUCT_NAME = "$(TARGET_NAME)";
				SDKROOT = macosx;
				SWIFT_EMIT_LOC_STRINGS = NO;
				SWIFT_VERSION = 5.0;
				TEST_TARGET_NAME = "SwiftUIMVVMApp (macOS)";
			};
			name = Release;
		};
/* End XCBuildConfiguration section */

/* Begin XCConfigurationList section */
		A1A97E632843728700156F0D /* Build configuration list for PBXProject "SwiftUIMVVMApp" */ = {
			isa = XCConfigurationList;
			buildConfigurations = (
				A1A97E932843728800156F0D /* Debug */,
				A1A97E942843728800156F0D /* Release */,
			);
			defaultConfigurationIsVisible = 0;
			defaultConfigurationName = Release;
		};
		A1A97E952843728800156F0D /* Build configuration list for PBXNativeTarget "SwiftUIMVVMApp (iOS)" */ = {
			isa = XCConfigurationList;
			buildConfigurations = (
				A1A97E962843728800156F0D /* Debug */,
				A1A97E972843728800156F0D /* Release */,
			);
			defaultConfigurationIsVisible = 0;
			defaultConfigurationName = Release;
		};
		A1A97E982843728800156F0D /* Build configuration list for PBXNativeTarget "SwiftUIMVVMApp (macOS)" */ = {
			isa = XCConfigurationList;
			buildConfigurations = (
				A1A97E992843728800156F0D /* Debug */,
				A1A97E9A2843728800156F0D /* Release */,
			);
			defaultConfigurationIsVisible = 0;
			defaultConfigurationName = Release;
		};
		A1A97E9B2843728800156F0D /* Build configuration list for PBXNativeTarget "Tests iOS" */ = {
			isa = XCConfigurationList;
			buildConfigurations = (
				A1A97E9C2843728800156F0D /* Debug */,
				A1A97E9D2843728800156F0D /* Release */,
			);
			defaultConfigurationIsVisible = 0;
			defaultConfigurationName = Release;
		};
		A1A97E9E2843728800156F0D /* Build configuration list for PBXNativeTarget "Tests macOS" */ = {
			isa = XCConfigurationList;
			buildConfigurations = (
				A1A97E9F2843728800156F0D /* Debug */,
				A1A97EA02843728800156F0D /* Release */,
			);
			defaultConfigurationIsVisible = 0;
			defaultConfigurationName = Release;
		};
/* End XCConfigurationList section */
	};
	rootObject = A1A97E602843728700156F0D /* Project object */;
}
